
Microsoft Visual Studio Solution File, Format Version 12.00
# Visual Studio 15
VisualStudioVersion = 15.0.28307.1169
MinimumVisualStudioVersion = 10.0.40219.1
Project("{9A19103F-16F7-4668-BE54-9A1E7A4F7556}") = "ConsoleApp", "PromIT\ConsoleApp.csproj", "{AFCBBF87-AC2E-446E-B10D-6FE9F5A71DA4}"
EndProject
Project("{9A19103F-16F7-4668-BE54-9A1E7A4F7556}") = "DictLib", "DictLib\DictLib.csproj", "{04C63DC2-4DB9-4C82-8237-B5C7BDE24807}"
EndProject
Project("{9A19103F-16F7-4668-BE54-9A1E7A4F7556}") = "NetServer", "NetServer\NetServer.csproj", "{D17E93E0-248C-49D8-8808-55F595991EEF}"
EndProject
Project("{9A19103F-16F7-4668-BE54-9A1E7A4F7556}") = "NetClient", "NetClient\NetClient.csproj", "{BFD9BC3E-F3C5-4C16-A68F-54B6E8042011}"
EndProject
Project("{9A19103F-16F7-4668-BE54-9A1E7A4F7556}") = "Utils", "Utils\Utils.csproj", "{A7AA15AD-53F2-4804-B920-A9922E935C4F}"
EndProject
Global
	GlobalSection(SolutionConfigurationPlatforms) = preSolution
		Debug|Any CPU = Debug|Any CPU
		Release|Any CPU = Release|Any CPU
	EndGlobalSection
	GlobalSection(ProjectConfigurationPlatforms) = postSolution
		{AFCBBF87-AC2E-446E-B10D-6FE9F5A71DA4}.Debug|Any CPU.ActiveCfg = Debug|Any CPU
		{AFCBBF87-AC2E-446E-B10D-6FE9F5A71DA4}.Debug|Any CPU.Build.0 = Debug|Any CPU
		{AFCBBF87-AC2E-446E-B10D-6FE9F5A71DA4}.Release|Any CPU.ActiveCfg = Release|Any CPU
		{AFCBBF87-AC2E-446E-B10D-6FE9F5A71DA4}.Release|Any CPU.Build.0 = Release|Any CPU
		{04C63DC2-4DB9-4C82-8237-B5C7BDE24807}.Debug|Any CPU.ActiveCfg = Debug|Any CPU
		{04C63DC2-4DB9-4C82-8237-B5C7BDE24807}.Debug|Any CPU.Build.0 = Debug|Any CPU
		{04C63DC2-4DB9-4C82-8237-B5C7BDE24807}.Release|Any CPU.ActiveCfg = Release|Any CPU
		{04C63DC2-4DB9-4C82-8237-B5C7BDE24807}.Release|Any CPU.Build.0 = Release|Any CPU
		{D17E93E0-248C-49D8-8808-55F595991EEF}.Debug|Any CPU.ActiveCfg = Debug|Any CPU
		{D17E93E0-248C-49D8-8808-55F595991EEF}.Debug|Any CPU.Build.0 = Debug|Any CPU
		{D17E93E0-248C-49D8-8808-55F595991EEF}.Release|Any CPU.ActiveCfg = Release|Any CPU
		{D17E93E0-248C-49D8-8808-55F595991EEF}.Release|Any CPU.Build.0 = Release|Any CPU
		{BFD9BC3E-F3C5-4C16-A68F-54B6E8042011}.Debug|Any CPU.ActiveCfg = Debug|Any CPU
		{BFD9BC3E-F3C5-4C16-A68F-54B6E8042011}.Debug|Any CPU.Build.0 = Debug|Any CPU
		{BFD9BC3E-F3C5-4C16-A68F-54B6E8042011}.Release|Any CPU.ActiveCfg = Release|Any CPU
		{BFD9BC3E-F3C5-4C16-A68F-54B6E8042011}.Release|Any CPU.Build.0 = Release|Any CPU
		{A7AA15AD-53F2-4804-B920-A9922E935C4F}.Debug|Any CPU.ActiveCfg = Debug|Any CPU
		{A7AA15AD-53F2-4804-B920-A9922E935C4F}.Debug|Any CPU.Build.0 = Debug|Any CPU
		{A7AA15AD-53F2-4804-B920-A9922E935C4F}.Release|Any CPU.ActiveCfg = Release|Any CPU
		{A7AA15AD-53F2-4804-B920-A9922E935C4F}.Release|Any CPU.Build.0 = Release|Any CPU
	EndGlobalSection
	GlobalSection(SolutionProperties) = preSolution
		HideSolutionNode = FALSE
	EndGlobalSection
	GlobalSection(ExtensibilityGlobals) = postSolution
		SolutionGuid = {DDE8DC67-8E29-42A0-BFE6-0E0512097355}
	EndGlobalSection
EndGlobal
